// !$*UTF8*$!
{
	archiveVersion = 1;
	classes = {
	};
	objectVersion = 50;
	objects = {

/* Begin PBXBuildFile section */
		BF06740125AE38DA00C4C2D0 /* AppDelegate.swift in Sources */ = {isa = PBXBuildFile; fileRef = BF06740025AE38DA00C4C2D0 /* AppDelegate.swift */; };
		BF06740325AE38DA00C4C2D0 /* ViewController.swift in Sources */ = {isa = PBXBuildFile; fileRef = BF06740225AE38DA00C4C2D0 /* ViewController.swift */; };
		BF06740625AE38DA00C4C2D0 /* Main.storyboard in Resources */ = {isa = PBXBuildFile; fileRef = BF06740425AE38DA00C4C2D0 /* Main.storyboard */; };
		BF06740825AE38DC00C4C2D0 /* Assets.xcassets in Resources */ = {isa = PBXBuildFile; fileRef = BF06740725AE38DC00C4C2D0 /* Assets.xcassets */; };
		BF06740B25AE38DC00C4C2D0 /* LaunchScreen.storyboard in Resources */ = {isa = PBXBuildFile; fileRef = BF06740925AE38DC00C4C2D0 /* LaunchScreen.storyboard */; };
		BF06741625AE38DC00C4C2D0 /* Hackwich1Tests.swift in Sources */ = {isa = PBXBuildFile; fileRef = BF06741525AE38DC00C4C2D0 /* Hackwich1Tests.swift */; };
		BF06742125AE38DC00C4C2D0 /* Hackwich1UITests.swift in Sources */ = {isa = PBXBuildFile; fileRef = BF06742025AE38DC00C4C2D0 /* Hackwich1UITests.swift */; };
/* End PBXBuildFile section */

/* Begin PBXContainerItemProxy section */
		BF06741225AE38DC00C4C2D0 /* PBXContainerItemProxy */ = {
			isa = PBXContainerItemProxy;
			containerPortal = BF0673F525AE38DA00C4C2D0 /* Project object */;
			proxyType = 1;
			remoteGlobalIDString = BF0673FC25AE38DA00C4C2D0;
			remoteInfo = Hackwich1;
		};
		BF06741D25AE38DC00C4C2D0 /* PBXContainerItemProxy */ = {
			isa = PBXContainerItemProxy;
			containerPortal = BF0673F525AE38DA00C4C2D0 /* Project object */;
			proxyType = 1;
			remoteGlobalIDString = BF0673FC25AE38DA00C4C2D0;
			remoteInfo = Hackwich1;
		};
/* End PBXContainerItemProxy section */

/* Begin PBXFileReference section */
		BF0673FD25AE38DA00C4C2D0 /* Hackwich1.app */ = {isa = PBXFileReference; explicitFileType = wrapper.application; includeInIndex = 0; path = Hackwich1.app; sourceTree = BUILT_PRODUCTS_DIR; };
		BF06740025AE38DA00C4C2D0 /* AppDelegate.swift */ = {isa = PBXFileReference; lastKnownFileType = sourcecode.swift; path = AppDelegate.swift; sourceTree = "<group>"; };
		BF06740225AE38DA00C4C2D0 /* ViewController.swift */ = {isa = PBXFileReference; lastKnownFileType = sourcecode.swift; path = ViewController.swift; sourceTree = "<group>"; };
		BF06740525AE38DA00C4C2D0 /* Base */ = {isa = PBXFileReference; lastKnownFileType = file.storyboard; name = Base; path = Base.lproj/Main.storyboard; sourceTree = "<group>"; };
		BF06740725AE38DC00C4C2D0 /* Assets.xcassets */ = {isa = PBXFileReference; lastKnownFileType = folder.assetcatalog; path = Assets.xcassets; sourceTree = "<group>"; };
		BF06740A25AE38DC00C4C2D0 /* Base */ = {isa = PBXFileReference; lastKnownFileType = file.storyboard; name = Base; path = Base.lproj/LaunchScreen.storyboard; sourceTree = "<group>"; };
		BF06740C25AE38DC00C4C2D0 /* Info.plist */ = {isa = PBXFileReference; lastKnownFileType = text.plist.xml; path = Info.plist; sourceTree = "<group>"; };
		BF06741125AE38DC00C4C2D0 /* Hackwich1Tests.xctest */ = {isa = PBXFileReference; explicitFileType = wrapper.cfbundle; includeInIndex = 0; path = Hackwich1Tests.xctest; sourceTree = BUILT_PRODUCTS_DIR; };
		BF06741525AE38DC00C4C2D0 /* Hackwich1Tests.swift */ = {isa = PBXFileReference; lastKnownFileType = sourcecode.swift; path = Hackwich1Tests.swift; sourceTree = "<group>"; };
		BF06741725AE38DC00C4C2D0 /* Info.plist */ = {isa = PBXFileReference; lastKnownFileType = text.plist.xml; path = Info.plist; sourceTree = "<group>"; };
		BF06741C25AE38DC00C4C2D0 /* Hackwich1UITests.xctest */ = {isa = PBXFileReference; explicitFileType = wrapper.cfbundle; includeInIndex = 0; path = Hackwich1UITests.xctest; sourceTree = BUILT_PRODUCTS_DIR; };
		BF06742025AE38DC00C4C2D0 /* Hackwich1UITests.swift */ = {isa = PBXFileReference; lastKnownFileType = sourcecode.swift; path = Hackwich1UITests.swift; sourceTree = "<group>"; };
		BF06742225AE38DC00C4C2D0 /* Info.plist */ = {isa = PBXFileReference; lastKnownFileType = text.plist.xml; path = Info.plist; sourceTree = "<group>"; };
/* End PBXFileReference section */

/* Begin PBXFrameworksBuildPhase section */
		BF0673FA25AE38DA00C4C2D0 /* Frameworks */ = {
			isa = PBXFrameworksBuildPhase;
			buildActionMask = 2147483647;
			files = (
			);
			runOnlyForDeploymentPostprocessing = 0;
		};
		BF06740E25AE38DC00C4C2D0 /* Frameworks */ = {
			isa = PBXFrameworksBuildPhase;
			buildActionMask = 2147483647;
			files = (
			);
			runOnlyForDeploymentPostprocessing = 0;
		};
		BF06741925AE38DC00C4C2D0 /* Frameworks */ = {
			isa = PBXFrameworksBuildPhase;
			buildActionMask = 2147483647;
			files = (
			);
			runOnlyForDeploymentPostprocessing = 0;
		};
/* End PBXFrameworksBuildPhase section */

/* Begin PBXGroup section */
		BF0673F425AE38DA00C4C2D0 = {
			isa = PBXGroup;
			children = (
				BF0673FF25AE38DA00C4C2D0 /* Hackwich1 */,
				BF06741425AE38DC00C4C2D0 /* Hackwich1Tests */,
				BF06741F25AE38DC00C4C2D0 /* Hackwich1UITests */,
				BF0673FE25AE38DA00C4C2D0 /* Products */,
			);
			sourceTree = "<group>";
		};
		BF0673FE25AE38DA00C4C2D0 /* Products */ = {
			isa = PBXGroup;
			children = (
				BF0673FD25AE38DA00C4C2D0 /* Hackwich1.app */,
				BF06741125AE38DC00C4C2D0 /* Hackwich1Tests.xctest */,
				BF06741C25AE38DC00C4C2D0 /* Hackwich1UITests.xctest */,
			);
			name = Products;
			sourceTree = "<group>";
		};
		BF0673FF25AE38DA00C4C2D0 /* Hackwich1 */ = {
			isa = PBXGroup;
			children = (
				BF06740025AE38DA00C4C2D0 /* AppDelegate.swift */,
				BF06740225AE38DA00C4C2D0 /* ViewController.swift */,
				BF06740425AE38DA00C4C2D0 /* Main.storyboard */,
				BF06740725AE38DC00C4C2D0 /* Assets.xcassets */,
				BF06740925AE38DC00C4C2D0 /* LaunchScreen.storyboard */,
				BF06740C25AE38DC00C4C2D0 /* Info.plist */,
			);
			path = Hackwich1;
			sourceTree = "<group>";
		};
		BF06741425AE38DC00C4C2D0 /* Hackwich1Tests */ = {
			isa = PBXGroup;
			children = (
				BF06741525AE38DC00C4C2D0 /* Hackwich1Tests.swift */,
				BF06741725AE38DC00C4C2D0 /* Info.plist */,
			);
			path = Hackwich1Tests;
			sourceTree = "<group>";
		};
		BF06741F25AE38DC00C4C2D0 /* Hackwich1UITests */ = {
			isa = PBXGroup;
			children = (
				BF06742025AE38DC00C4C2D0 /* Hackwich1UITests.swift */,
				BF06742225AE38DC00C4C2D0 /* Info.plist */,
			);
			path = Hackwich1UITests;
			sourceTree = "<group>";
		};
/* End PBXGroup section */

/* Begin PBXNativeTarget section */
		BF0673FC25AE38DA00C4C2D0 /* Hackwich1 */ = {
			isa = PBXNativeTarget;
			buildConfigurationList = BF06742525AE38DC00C4C2D0 /* Build configuration list for PBXNativeTarget "Hackwich1" */;
			buildPhases = (
				BF0673F925AE38DA00C4C2D0 /* Sources */,
				BF0673FA25AE38DA00C4C2D0 /* Frameworks */,
				BF0673FB25AE38DA00C4C2D0 /* Resources */,
			);
			buildRules = (
			);
			dependencies = (
			);
			name = Hackwich1;
			productName = Hackwich1;
			productReference = BF0673FD25AE38DA00C4C2D0 /* Hackwich1.app */;
			productType = "com.apple.product-type.application";
		};
		BF06741025AE38DC00C4C2D0 /* Hackwich1Tests */ = {
			isa = PBXNativeTarget;
			buildConfigurationList = BF06742825AE38DC00C4C2D0 /* Build configuration list for PBXNativeTarget "Hackwich1Tests" */;
			buildPhases = (
				BF06740D25AE38DC00C4C2D0 /* Sources */,
				BF06740E25AE38DC00C4C2D0 /* Frameworks */,
				BF06740F25AE38DC00C4C2D0 /* Resources */,
			);
			buildRules = (
			);
			dependencies = (
				BF06741325AE38DC00C4C2D0 /* PBXTargetDependency */,
			);
			name = Hackwich1Tests;
			productName = Hackwich1Tests;
			productReference = BF06741125AE38DC00C4C2D0 /* Hackwich1Tests.xctest */;
			productType = "com.apple.product-type.bundle.unit-test";
		};
		BF06741B25AE38DC00C4C2D0 /* Hackwich1UITests */ = {
			isa = PBXNativeTarget;
			buildConfigurationList = BF06742B25AE38DC00C4C2D0 /* Build configuration list for PBXNativeTarget "Hackwich1UITests" */;
			buildPhases = (
				BF06741825AE38DC00C4C2D0 /* Sources */,
				BF06741925AE38DC00C4C2D0 /* Frameworks */,
				BF06741A25AE38DC00C4C2D0 /* Resources */,
			);
			buildRules = (
			);
			dependencies = (
				BF06741E25AE38DC00C4C2D0 /* PBXTargetDependency */,
			);
			name = Hackwich1UITests;
			productName = Hackwich1UITests;
			productReference = BF06741C25AE38DC00C4C2D0 /* Hackwich1UITests.xctest */;
			productType = "com.apple.product-type.bundle.ui-testing";
		};
/* End PBXNativeTarget section */

/* Begin PBXProject section */
		BF0673F525AE38DA00C4C2D0 /* Project object */ = {
			isa = PBXProject;
			attributes = {
				LastSwiftUpdateCheck = 1010;
				LastUpgradeCheck = 1010;
				ORGANIZATIONNAME = "Marion Ano";
				TargetAttributes = {
					BF0673FC25AE38DA00C4C2D0 = {
						CreatedOnToolsVersion = 10.1;
					};
					BF06741025AE38DC00C4C2D0 = {
						CreatedOnToolsVersion = 10.1;
						TestTargetID = BF0673FC25AE38DA00C4C2D0;
					};
					BF06741B25AE38DC00C4C2D0 = {
						CreatedOnToolsVersion = 10.1;
						TestTargetID = BF0673FC25AE38DA00C4C2D0;
					};
				};
			};
			buildConfigurationList = BF0673F825AE38DA00C4C2D0 /* Build configuration list for PBXProject "Hackwich1" */;
			compatibilityVersion = "Xcode 9.3";
			developmentRegion = en;
			hasScannedForEncodings = 0;
			knownRegions = (
				en,
				Base,
			);
			mainGroup = BF0673F425AE38DA00C4C2D0;
			productRefGroup = BF0673FE25AE38DA00C4C2D0 /* Products */;
			projectDirPath = "";
			projectRoot = "";
			targets = (
				BF0673FC25AE38DA00C4C2D0 /* Hackwich1 */,
				BF06741025AE38DC00C4C2D0 /* Hackwich1Tests */,
				BF06741B25AE38DC00C4C2D0 /* Hackwich1UITests */,
			);
		};
/* End PBXProject section */

/* Begin PBXResourcesBuildPhase section */
		BF0673FB25AE38DA00C4C2D0 /* Resources */ = {
			isa = PBXResourcesBuildPhase;
			buildActionMask = 2147483647;
			files = (
				BF06740B25AE38DC00C4C2D0 /* LaunchScreen.storyboard in Resources */,
				BF06740825AE38DC00C4C2D0 /* Assets.xcassets in Resources */,
				BF06740625AE38DA00C4C2D0 /* Main.storyboard in Resources */,
			);
			runOnlyForDeploymentPostprocessing = 0;
		};
		BF06740F25AE38DC00C4C2D0 /* Resources */ = {
			isa = PBXResourcesBuildPhase;
			buildActionMask = 2147483647;
			files = (
			);
			runOnlyForDeploymentPostprocessing = 0;
		};
		BF06741A25AE38DC00C4C2D0 /* Resources */ = {
			isa = PBXResourcesBuildPhase;
			buildActionMask = 2147483647;
			files = (
			);
			runOnlyForDeploymentPostprocessing = 0;
		};
/* End PBXResourcesBuildPhase section */

/* Begin PBXSourcesBuildPhase section */
		BF0673F925AE38DA00C4C2D0 /* Sources */ = {
			isa = PBXSourcesBuildPhase;
			buildActionMask = 2147483647;
			files = (
				BF06740325AE38DA00C4C2D0 /* ViewController.swift in Sources */,
				BF06740125AE38DA00C4C2D0 /* AppDelegate.swift in Sources */,
			);
			runOnlyForDeploymentPostprocessing = 0;
		};
		BF06740D25AE38DC00C4C2D0 /* Sources */ = {
			isa = PBXSourcesBuildPhase;
			buildActionMask = 2147483647;
			files = (
				BF06741625AE38DC00C4C2D0 /* Hackwich1Tests.swift in Sources */,
			);
			runOnlyForDeploymentPostprocessing = 0;
		};
		BF06741825AE38DC00C4C2D0 /* Sources */ = {
			isa = PBXSourcesBuildPhase;
			buildActionMask = 2147483647;
			files = (
				BF06742125AE38DC00C4C2D0 /* Hackwich1UITests.swift in Sources */,
			);
			runOnlyForDeploymentPostprocessing = 0;
		};
/* End PBXSourcesBuildPhase section */

/* Begin PBXTargetDependency section */
		BF06741325AE38DC00C4C2D0 /* PBXTargetDependency */ = {
			isa = PBXTargetDependency;
			target = BF0673FC25AE38DA00C4C2D0 /* Hackwich1 */;
			targetProxy = BF06741225AE38DC00C4C2D0 /* PBXContainerItemProxy */;
		};
		BF06741E25AE38DC00C4C2D0 /* PBXTargetDependency */ = {
			isa = PBXTargetDependency;
			target = BF0673FC25AE38DA00C4C2D0 /* Hackwich1 */;
			targetProxy = BF06741D25AE38DC00C4C2D0 /* PBXContainerItemProxy */;
		};
/* End PBXTargetDependency section */

/* Begin PBXVariantGroup section */
		BF06740425AE38DA00C4C2D0 /* Main.storyboard */ = {
			isa = PBXVariantGroup;
			children = (
				BF06740525AE38DA00C4C2D0 /* Base */,
			);
			name = Main.storyboard;
			sourceTree = "<group>";
		};
		BF06740925AE38DC00C4C2D0 /* LaunchScreen.storyboard */ = {
			isa = PBXVariantGroup;
			children = (
				BF06740A25AE38DC00C4C2D0 /* Base */,
			);
			name = LaunchScreen.storyboard;
			sourceTree = "<group>";
		};
/* End PBXVariantGroup section */

/* Begin XCBuildConfiguration section */
		BF06742325AE38DC00C4C2D0 /* Debug */ = {
			isa = XCBuildConfiguration;
			buildSettings = {
				ALWAYS_SEARCH_USER_PATHS = NO;
				CLANG_ANALYZER_NONNULL = YES;
				CLANG_ANALYZER_NUMBER_OBJECT_CONVERSION = YES_AGGRESSIVE;
				CLANG_CXX_LANGUAGE_STANDARD = "gnu++14";
				CLANG_CXX_LIBRARY = "libc++";
				CLANG_ENABLE_MODULES = YES;
				CLANG_ENABLE_OBJC_ARC = YES;
				CLANG_ENABLE_OBJC_WEAK = YES;
				CLANG_WARN_BLOCK_CAPTURE_AUTORELEASING = YES;
				CLANG_WARN_BOOL_CONVERSION = YES;
				CLANG_WARN_COMMA = YES;
				CLANG_WARN_CONSTANT_CONVERSION = YES;
				CLANG_WARN_DEPRECATED_OBJC_IMPLEMENTATIONS = YES;
				CLANG_WARN_DIRECT_OBJC_ISA_USAGE = YES_ERROR;
				CLANG_WARN_DOCUMENTATION_COMMENTS = YES;
				CLANG_WARN_EMPTY_BODY = YES;
				CLANG_WARN_ENUM_CONVERSION = YES;
				CLANG_WARN_INFINITE_RECURSION = YES;
				CLANG_WARN_INT_CONVERSION = YES;
				CLANG_WARN_NON_LITERAL_NULL_CONVERSION = YES;
				CLANG_WARN_OBJC_IMPLICIT_RETAIN_SELF = YES;
				CLANG_WARN_OBJC_LITERAL_CONVERSION = YES;
				CLANG_WARN_OBJC_ROOT_CLASS = YES_ERROR;
				CLANG_WARN_RANGE_LOOP_ANALYSIS = YES;
				CLANG_WARN_STRICT_PROTOTYPES = YES;
				CLANG_WARN_SUSPICIOUS_MOVE = YES;
				CLANG_WARN_UNGUARDED_AVAILABILITY = YES_AGGRESSIVE;
				CLANG_WARN_UNREACHABLE_CODE = YES;
				CLANG_WARN__DUPLICATE_METHOD_MATCH = YES;
				CODE_SIGN_IDENTITY = "iPhone Developer";
				COPY_PHASE_STRIP = NO;
				DEBUG_INFORMATION_FORMAT = dwarf;
				ENABLE_STRICT_OBJC_MSGSEND = YES;
				ENABLE_TESTABILITY = YES;
				GCC_C_LANGUAGE_STANDARD = gnu11;
				GCC_DYNAMIC_NO_PIC = NO;
				GCC_NO_COMMON_BLOCKS = YES;
				GCC_OPTIMIZATION_LEVEL = 0;
				GCC_PREPROCESSOR_DEFINITIONS = (
					"DEBUG=1",
					"$(inherited)",
				);
				GCC_WARN_64_TO_32_BIT_CONVERSION = YES;
				GCC_WARN_ABOUT_RETURN_TYPE = YES_ERROR;
				GCC_WARN_UNDECLARED_SELECTOR = YES;
				GCC_WARN_UNINITIALIZED_AUTOS = YES_AGGRESSIVE;
				GCC_WARN_UNUSED_FUNCTION = YES;
				GCC_WARN_UNUSED_VARIABLE = YES;
				IPHONEOS_DEPLOYMENT_TARGET = 12.1;
				MTL_ENABLE_DEBUG_INFO = INCLUDE_SOURCE;
				MTL_FAST_MATH = YES;
				ONLY_ACTIVE_ARCH = YES;
				SDKROOT = iphoneos;
				SWIFT_ACTIVE_COMPILATION_CONDITIONS = DEBUG;
				SWIFT_OPTIMIZATION_LEVEL = "-Onone";
			};
			name = Debug;
		};
		BF06742425AE38DC00C4C2D0 /* Release */ = {
			isa = XCBuildConfiguration;
			buildSettings = {
				ALWAYS_SEARCH_USER_PATHS = NO;
				CLANG_ANALYZER_NONNULL = YES;
				CLANG_ANALYZER_NUMBER_OBJECT_CONVERSION = YES_AGGRESSIVE;
				CLANG_CXX_LANGUAGE_STANDARD = "gnu++14";
				CLANG_CXX_LIBRARY = "libc++";
				CLANG_ENABLE_MODULES = YES;
				CLANG_ENABLE_OBJC_ARC = YES;
				CLANG_ENABLE_OBJC_WEAK = YES;
				CLANG_WARN_BLOCK_CAPTURE_AUTORELEASING = YES;
				CLANG_WARN_BOOL_CONVERSION = YES;
				CLANG_WARN_COMMA = YES;
				CLANG_WARN_CONSTANT_CONVERSION = YES;
				CLANG_WARN_DEPRECATED_OBJC_IMPLEMENTATIONS = YES;
				CLANG_WARN_DIRECT_OBJC_ISA_USAGE = YES_ERROR;
				CLANG_WARN_DOCUMENTATION_COMMENTS = YES;
				CLANG_WARN_EMPTY_BODY = YES;
				CLANG_WARN_ENUM_CONVERSION = YES;
				CLANG_WARN_INFINITE_RECURSION = YES;
				CLANG_WARN_INT_CONVERSION = YES;
				CLANG_WARN_NON_LITERAL_NULL_CONVERSION = YES;
				CLANG_WARN_OBJC_IMPLICIT_RETAIN_SELF = YES;
				CLANG_WARN_OBJC_LITERAL_CONVERSION = YES;
				CLANG_WARN_OBJC_ROOT_CLASS = YES_ERROR;
				CLANG_WARN_RANGE_LOOP_ANALYSIS = YES;
				CLANG_WARN_STRICT_PROTOTYPES = YES;
				CLANG_WARN_SUSPICIOUS_MOVE = YES;
				CLANG_WARN_UNGUARDED_AVAILABILITY = YES_AGGRESSIVE;
				CLANG_WARN_UNREACHABLE_CODE = YES;
				CLANG_WARN__DUPLICATE_METHOD_MATCH = YES;
				CODE_SIGN_IDENTITY = "iPhone Developer";
				COPY_PHASE_STRIP = NO;
				DEBUG_INFORMATION_FORMAT = "dwarf-with-dsym";
				ENABLE_NS_ASSERTIONS = NO;
				ENABLE_STRICT_OBJC_MSGSEND = YES;
				GCC_C_LANGUAGE_STANDARD = gnu11;
				GCC_NO_COMMON_BLOCKS = YES;
				GCC_WARN_64_TO_32_BIT_CONVERSION = YES;
				GCC_WARN_ABOUT_RETURN_TYPE = YES_ERROR;
				GCC_WARN_UNDECLARED_SELECTOR = YES;
				GCC_WARN_UNINITIALIZED_AUTOS = YES_AGGRESSIVE;
				GCC_WARN_UNUSED_FUNCTION = YES;
				GCC_WARN_UNUSED_VARIABLE = YES;
				IPHONEOS_DEPLOYMENT_TARGET = 12.1;
				MTL_ENABLE_DEBUG_INFO = NO;
				MTL_FAST_MATH = YES;
				SDKROOT = iphoneos;
				SWIFT_COMPILATION_MODE = wholemodule;
				SWIFT_OPTIMIZATION_LEVEL = "-O";
				VALIDATE_PRODUCT = YES;
			};
			name = Release;
		};
		BF06742625AE38DC00C4C2D0 /* Debug */ = {
			isa = XCBuildConfiguration;
			buildSettings = {
				ASSETCATALOG_COMPILER_APPICON_NAME = AppIcon;
				CODE_SIGN_STYLE = Automatic;
				DEVELOPMENT_TEAM = 8S53895KDU;
				INFOPLIST_FILE = Hackwich1/Info.plist;
				LD_RUNPATH_SEARCH_PATHS = (
					"$(inherited)",
					"@executable_path/Frameworks",
				);
				PRODUCT_BUNDLE_IDENTIFIER = uhwo.Hackwich1;
				PRODUCT_NAME = "$(TARGET_NAME)";
				SWIFT_VERSION = 4.2;
				TARGETED_DEVICE_FAMILY = "1,2";
			};
			name = Debug;
		};
		BF06742725AE38DC00C4C2D0 /* Release */ = {
			isa = XCBuildConfiguration;
			buildSettings = {
				ASSETCATALOG_COMPILER_APPICON_NAME = AppIcon;
				CODE_SIGN_STYLE = Automatic;
				DEVELOPMENT_TEAM = 8S53895KDU;
				INFOPLIST_FILE = Hackwich1/Info.plist;
				LD_RUNPATH_SEARCH_PATHS = (
					"$(inherited)",
					"@executable_path/Frameworks",
				);
				PRODUCT_BUNDLE_IDENTIFIER = uhwo.Hackwich1;
				PRODUCT_NAME = "$(TARGET_NAME)";
				SWIFT_VERSION = 4.2;
				TARGETED_DEVICE_FAMILY = "1,2";
			};
			name = Release;
		};
		BF06742925AE38DC00C4C2D0 /* Debug */ = {
			isa = XCBuildConfiguration;
			buildSettings = {
				ALWAYS_EMBED_SWIFT_STANDARD_LIBRARIES = YES;
				BUNDLE_LOADER = "$(TEST_HOST)";
				CODE_SIGN_STYLE = Automatic;
				DEVELOPMENT_TEAM = 8S53895KDU;
				INFOPLIST_FILE = Hackwich1Tests/Info.plist;
				LD_RUNPATH_SEARCH_PATHS = (
					"$(inherited)",
					"@executable_path/Frameworks",
					"@loader_path/Frameworks",
				);
				PRODUCT_BUNDLE_IDENTIFIER = uhwo.Hackwich1Tests;
				PRODUCT_NAME = "$(TARGET_NAME)";
				SWIFT_VERSION = 4.2;
				TARGETED_DEVICE_FAMILY = "1,2";
				TEST_HOST = "$(BUILT_PRODUCTS_DIR)/Hackwich1.app/Hackwich1";
			};
			name = Debug;
		};
		BF06742A25AE38DC00C4C2D0 /* Release */ = {
			isa = XCBuildConfiguration;
			buildSettings = {
				ALWAYS_EMBED_SWIFT_STANDARD_LIBRARIES = YES;
				BUNDLE_LOADER = "$(TEST_HOST)";
				CODE_SIGN_STYLE = Automatic;
				DEVELOPMENT_TEAM = 8S53895KDU;
				INFOPLIST_FILE = Hackwich1Tests/Info.plist;
				LD_RUNPATH_SEARCH_PATHS = (
					"$(inherited)",
					"@executable_path/Frameworks",
					"@loader_path/Frameworks",
				);
				PRODUCT_BUNDLE_IDENTIFIER = uhwo.Hackwich1Tests;
				PRODUCT_NAME = "$(TARGET_NAME)";
				SWIFT_VERSION = 4.2;
				TARGETED_DEVICE_FAMILY = "1,2";
				TEST_HOST = "$(BUILT_PRODUCTS_DIR)/Hackwich1.app/Hackwich1";
			};
			name = Release;
		};
		BF06742C25AE38DC00C4C2D0 /* Debug */ = {
			isa = XCBuildConfiguration;
			buildSettings = {
				ALWAYS_EMBED_SWIFT_STANDARD_LIBRARIES = YES;
				CODE_SIGN_STYLE = Automatic;
				DEVELOPMENT_TEAM = 8S53895KDU;
				INFOPLIST_FILE = Hackwich1UITests/Info.plist;
				LD_RUNPATH_SEARCH_PATHS = (
					"$(inherited)",
					"@executable_path/Frameworks",
					"@loader_path/Frameworks",
				);
				PRODUCT_BUNDLE_IDENTIFIER = uhwo.Hackwich1UITests;
				PRODUCT_NAME = "$(TARGET_NAME)";
				SWIFT_VERSION = 4.2;
				TARGETED_DEVICE_FAMILY = "1,2";
				TEST_TARGET_NAME = Hackwich1;
			};
			name = Debug;
		};
		BF06742D25AE38DC00C4C2D0 /* Release */ = {
			isa = XCBuildConfiguration;
			buildSettings = {
				ALWAYS_EMBED_SWIFT_STANDARD_LIBRARIES = YES;
				CODE_SIGN_STYLE = Automatic;
				DEVELOPMENT_TEAM = 8S53895KDU;
				INFOPLIST_FILE = Hackwich1UITests/Info.plist;
				LD_RUNPATH_SEARCH_PATHS = (
					"$(inherited)",
					"@executable_path/Frameworks",
					"@loader_path/Frameworks",
				);
				PRODUCT_BUNDLE_IDENTIFIER = uhwo.Hackwich1UITests;
				PRODUCT_NAME = "$(TARGET_NAME)";
				SWIFT_VERSION = 4.2;
				TARGETED_DEVICE_FAMILY = "1,2";
				TEST_TARGET_NAME = Hackwich1;
			};
			name = Release;
		};
/* End XCBuildConfiguration section */

/* Begin XCConfigurationList section */
		BF0673F825AE38DA00C4C2D0 /* Build configuration list for PBXProject "Hackwich1" */ = {
			isa = XCConfigurationList;
			buildConfigurations = (
				BF06742325AE38DC00C4C2D0 /* Debug */,
				BF06742425AE38DC00C4C2D0 /* Release */,
			);
			defaultConfigurationIsVisible = 0;
			defaultConfigurationName = Release;
		};
		BF06742525AE38DC00C4C2D0 /* Build configuration list for PBXNativeTarget "Hackwich1" */ = {
			isa = XCConfigurationList;
			buildConfigurations = (
				BF06742625AE38DC00C4C2D0 /* Debug */,
				BF06742725AE38DC00C4C2D0 /* Release */,
			);
			defaultConfigurationIsVisible = 0;
			defaultConfigurationName = Release;
		};
		BF06742825AE38DC00C4C2D0 /* Build configuration list for PBXNativeTarget "Hackwich1Tests" */ = {
			isa = XCConfigurationList;
			buildConfigurations = (
				BF06742925AE38DC00C4C2D0 /* Debug */,
				BF06742A25AE38DC00C4C2D0 /* Release */,
			);
			defaultConfigurationIsVisible = 0;
			defaultConfigurationName = Release;
		};
		BF06742B25AE38DC00C4C2D0 /* Build configuration list for PBXNativeTarget "Hackwich1UITests" */ = {
			isa = XCConfigurationList;
			buildConfigurations = (
				BF06742C25AE38DC00C4C2D0 /* Debug */,
				BF06742D25AE38DC00C4C2D0 /* Release */,
			);
			defaultConfigurationIsVisible = 0;
			defaultConfigurationName = Release;
		};
/* End XCConfigurationList section */
	};
	rootObject = BF0673F525AE38DA00C4C2D0 /* Project object */;
}
